
Microsoft Visual Studio Solution File, Format Version 12.00
# Visual Studio 15
VisualStudioVersion = 15.0.26730.16
MinimumVisualStudioVersion = 10.0.40219.1
Project("{E24C65DC-7377-472B-9ABA-BC803B73C61A}") = "GradeElite-master", ".", "{B91AE864-7104-4DA1-965A-9790FD8B580B}"
	ProjectSection(WebsiteProperties) = preProject
		TargetFrameworkMoniker = ".NETFramework,Version%3Dv4.5.2"
		Debug.AspNetCompiler.VirtualPath = "/localhost_55902"
		Debug.AspNetCompiler.PhysicalPath = "..\..\..\Downloads\GradeElite-master\"
		Debug.AspNetCompiler.TargetPath = "PrecompiledWeb\localhost_55902\"
		Debug.AspNetCompiler.Updateable = "true"
		Debug.AspNetCompiler.ForceOverwrite = "true"
		Debug.AspNetCompiler.FixedNames = "false"
		Debug.AspNetCompiler.Debug = "True"
		Release.AspNetCompiler.VirtualPath = "/localhost_55902"
		Release.AspNetCompiler.PhysicalPath = "..\..\..\Downloads\GradeElite-master\"
		Release.AspNetCompiler.TargetPath = "PrecompiledWeb\localhost_55902\"
		Release.AspNetCompiler.Updateable = "true"
		Release.AspNetCompiler.ForceOverwrite = "true"
		Release.AspNetCompiler.FixedNames = "false"
		Release.AspNetCompiler.Debug = "False"
		VWDPort = "55902"
	EndProjectSection
EndProject
Global
	GlobalSection(SolutionConfigurationPlatforms) = preSolution
		Debug|Any CPU = Debug|Any CPU
	EndGlobalSection
	GlobalSection(ProjectConfigurationPlatforms) = postSolution
		{B91AE864-7104-4DA1-965A-9790FD8B580B}.Debug|Any CPU.ActiveCfg = Debug|Any CPU
		{B91AE864-7104-4DA1-965A-9790FD8B580B}.Debug|Any CPU.Build.0 = Debug|Any CPU
	EndGlobalSection
	GlobalSection(SolutionProperties) = preSolution
		HideSolutionNode = FALSE
	EndGlobalSection
	GlobalSection(ExtensibilityGlobals) = postSolution
		SolutionGuid = {C160F9B9-C188-4444-A886-2A913D7CF08F}
	EndGlobalSection
EndGlobal
